# This file is @generated by PDM.
# It is not intended for manual editing.

[metadata]
groups = ["default", "dev"]
strategy = ["cross_platform", "inherit_metadata"]
lock_version = "4.4.1"
content_hash = "sha256:69b4b4706a2c6835425ad73f7a709a29b222b506d0458cd183ae769f111975fc"

[[package]]
name = "black"
version = "24.1.1"
requires_python = ">=3.8"
summary = "The uncompromising code formatter."
groups = ["dev"]
dependencies = [
    "click>=8.0.0",
    "mypy-extensions>=0.4.3",
    "packaging>=22.0",
    "pathspec>=0.9.0",
    "platformdirs>=2",
    "tomli>=1.1.0; python_version < \"3.11\"",
    "typing-extensions>=4.0.1; python_version < \"3.11\"",
]
files = [
    {file = "black-24.1.1-cp310-cp310-macosx_10_9_x86_64.whl", hash = "sha256:2588021038bd5ada078de606f2a804cadd0a3cc6a79cb3e9bb3a8bf581325a4c"},
    {file = "black-24.1.1-cp310-cp310-macosx_11_0_arm64.whl", hash = "sha256:1a95915c98d6e32ca43809d46d932e2abc5f1f7d582ffbe65a5b4d1588af7445"},
    {file = "black-24.1.1-cp310-cp310-manylinux_2_17_x86_64.manylinux2014_x86_64.whl", hash = "sha256:2fa6a0e965779c8f2afb286f9ef798df770ba2b6cee063c650b96adec22c056a"},
    {file = "black-24.1.1-cp310-cp310-win_amd64.whl", hash = "sha256:5242ecd9e990aeb995b6d03dc3b2d112d4a78f2083e5a8e86d566340ae80fec4"},
    {file = "black-24.1.1-cp311-cp311-macosx_10_9_x86_64.whl", hash = "sha256:fc1ec9aa6f4d98d022101e015261c056ddebe3da6a8ccfc2c792cbe0349d48b7"},
    {file = "black-24.1.1-cp311-cp311-macosx_11_0_arm64.whl", hash = "sha256:0269dfdea12442022e88043d2910429bed717b2d04523867a85dacce535916b8"},
    {file = "black-24.1.1-cp311-cp311-manylinux_2_17_x86_64.manylinux2014_x86_64.whl", hash = "sha256:b3d64db762eae4a5ce04b6e3dd745dcca0fb9560eb931a5be97472e38652a161"},
    {file = "black-24.1.1-cp311-cp311-win_amd64.whl", hash = "sha256:5d7b06ea8816cbd4becfe5f70accae953c53c0e53aa98730ceccb0395520ee5d"},
    {file = "black-24.1.1-cp312-cp312-macosx_10_9_x86_64.whl", hash = "sha256:e2c8dfa14677f90d976f68e0c923947ae68fa3961d61ee30976c388adc0b02c8"},
    {file = "black-24.1.1-cp312-cp312-macosx_11_0_arm64.whl", hash = "sha256:a21725862d0e855ae05da1dd25e3825ed712eaaccef6b03017fe0853a01aa45e"},
    {file = "black-24.1.1-cp312-cp312-manylinux_2_17_x86_64.manylinux2014_x86_64.whl", hash = "sha256:07204d078e25327aad9ed2c64790d681238686bce254c910de640c7cc4fc3aa6"},
    {file = "black-24.1.1-cp312-cp312-win_amd64.whl", hash = "sha256:a83fe522d9698d8f9a101b860b1ee154c1d25f8a82ceb807d319f085b2627c5b"},
    {file = "black-24.1.1-cp38-cp38-macosx_10_9_x86_64.whl", hash = "sha256:08b34e85170d368c37ca7bf81cf67ac863c9d1963b2c1780c39102187ec8dd62"},
    {file = "black-24.1.1-cp38-cp38-macosx_11_0_arm64.whl", hash = "sha256:7258c27115c1e3b5de9ac6c4f9957e3ee2c02c0b39222a24dc7aa03ba0e986f5"},
    {file = "black-24.1.1-cp38-cp38-manylinux_2_17_x86_64.manylinux2014_x86_64.whl", hash = "sha256:40657e1b78212d582a0edecafef133cf1dd02e6677f539b669db4746150d38f6"},
    {file = "black-24.1.1-cp38-cp38-win_amd64.whl", hash = "sha256:e298d588744efda02379521a19639ebcd314fba7a49be22136204d7ed1782717"},
    {file = "black-24.1.1-cp39-cp39-macosx_10_9_x86_64.whl", hash = "sha256:34afe9da5056aa123b8bfda1664bfe6fb4e9c6f311d8e4a6eb089da9a9173bf9"},
    {file = "black-24.1.1-cp39-cp39-macosx_11_0_arm64.whl", hash = "sha256:854c06fb86fd854140f37fb24dbf10621f5dab9e3b0c29a690ba595e3d543024"},
    {file = "black-24.1.1-cp39-cp39-manylinux_2_17_x86_64.manylinux2014_x86_64.whl", hash = "sha256:3897ae5a21ca132efa219c029cce5e6bfc9c3d34ed7e892113d199c0b1b444a2"},
    {file = "black-24.1.1-cp39-cp39-win_amd64.whl", hash = "sha256:ecba2a15dfb2d97105be74bbfe5128bc5e9fa8477d8c46766505c1dda5883aac"},
    {file = "black-24.1.1-py3-none-any.whl", hash = "sha256:5cdc2e2195212208fbcae579b931407c1fa9997584f0a415421748aeafff1168"},
    {file = "black-24.1.1.tar.gz", hash = "sha256:48b5760dcbfe5cf97fd4fba23946681f3a81514c6ab8a45b50da67ac8fbc6c7b"},
]

[[package]]
name = "cachetools"
version = "5.3.2"
requires_python = ">=3.7"
summary = "Extensible memoizing collections and decorators"
groups = ["dev"]
files = [
    {file = "cachetools-5.3.2-py3-none-any.whl", hash = "sha256:861f35a13a451f94e301ce2bec7cac63e881232ccce7ed67fab9b5df4d3beaa1"},
    {file = "cachetools-5.3.2.tar.gz", hash = "sha256:086ee420196f7b2ab9ca2db2520aca326318b68fe5ba8bc4d49cca91add450f2"},
]

[[package]]
name = "chardet"
version = "5.2.0"
requires_python = ">=3.7"
summary = "Universal encoding detector for Python 3"
groups = ["dev"]
files = [
    {file = "chardet-5.2.0-py3-none-any.whl", hash = "sha256:e1cf59446890a00105fe7b7912492ea04b6e6f06d4b742b2c788469e34c82970"},
    {file = "chardet-5.2.0.tar.gz", hash = "sha256:1b3b6ff479a8c414bc3fa2c0852995695c4a026dcd6d0633b2dd092ca39c1cf7"},
]

[[package]]
name = "click"
version = "8.1.7"
requires_python = ">=3.7"
summary = "Composable command line interface toolkit"
groups = ["dev"]
dependencies = [
    "colorama; platform_system == \"Windows\"",
]
files = [
    {file = "click-8.1.7-py3-none-any.whl", hash = "sha256:ae74fb96c20a0277a1d615f1e4d73c8414f5a98db8b799a7931d1582f3390c28"},
    {file = "click-8.1.7.tar.gz", hash = "sha256:ca9853ad459e787e2192211578cc907e7594e294c7ccc834310722b41b9ca6de"},
]

[[package]]
name = "colorama"
version = "0.4.6"
requires_python = "!=3.0.*,!=3.1.*,!=3.2.*,!=3.3.*,!=3.4.*,!=3.5.*,!=3.6.*,>=2.7"
summary = "Cross-platform colored terminal text."
groups = ["dev"]
files = [
    {file = "colorama-0.4.6-py2.py3-none-any.whl", hash = "sha256:4f1d9991f5acc0ca119f9d443620b77f9d6b33703e51011c16baf57afb285fc6"},
    {file = "colorama-0.4.6.tar.gz", hash = "sha256:08695f5cb7ed6e0531a20572697297273c47b8cae5a63ffc6d6ed5c201be6e44"},
]

[[package]]
name = "distlib"
version = "0.3.8"
summary = "Distribution utilities"
groups = ["dev"]
files = [
    {file = "distlib-0.3.8-py2.py3-none-any.whl", hash = "sha256:034db59a0b96f8ca18035f36290806a9a6e6bd9d1ff91e45a7f172eb17e51784"},
    {file = "distlib-0.3.8.tar.gz", hash = "sha256:1530ea13e350031b6312d8580ddb6b27a104275a31106523b8f123787f494f64"},
]

[[package]]
name = "exceptiongroup"
version = "1.2.0"
requires_python = ">=3.7"
summary = "Backport of PEP 654 (exception groups)"
groups = ["dev"]
marker = "python_version < \"3.11\""
files = [
    {file = "exceptiongroup-1.2.0-py3-none-any.whl", hash = "sha256:4bfd3996ac73b41e9b9628b04e079f193850720ea5945fc96a08633c66912f14"},
    {file = "exceptiongroup-1.2.0.tar.gz", hash = "sha256:91f5c769735f051a4290d52edd0858999b57e5876e9f85937691bd4c9fa3ed68"},
]

[[package]]
name = "filelock"
version = "3.13.1"
requires_python = ">=3.8"
summary = "A platform independent file lock."
groups = ["dev"]
files = [
    {file = "filelock-3.13.1-py3-none-any.whl", hash = "sha256:57dbda9b35157b05fb3e58ee91448612eb674172fab98ee235ccb0b5bee19a1c"},
    {file = "filelock-3.13.1.tar.gz", hash = "sha256:521f5f56c50f8426f5e03ad3b281b490a87ef15bc6c526f168290f0c7148d44e"},
]

[[package]]
name = "iniconfig"
version = "2.0.0"
requires_python = ">=3.7"
summary = "brain-dead simple config-ini parsing"
groups = ["dev"]
files = [
    {file = "iniconfig-2.0.0-py3-none-any.whl", hash = "sha256:b6a85871a79d2e3b22d2d1b94ac2824226a63c6b741c88f7ae975f18b6778374"},
    {file = "iniconfig-2.0.0.tar.gz", hash = "sha256:2d91e135bf72d31a410b17c16da610a82cb55f6b0477d1a902134b24a455b8b3"},
]

[[package]]
name = "mypy"
version = "1.8.0"
requires_python = ">=3.8"
summary = "Optional static typing for Python"
groups = ["dev"]
dependencies = [
    "mypy-extensions>=1.0.0",
    "tomli>=1.1.0; python_version < \"3.11\"",
    "typing-extensions>=4.1.0",
]
files = [
    {file = "mypy-1.8.0-cp310-cp310-macosx_10_9_x86_64.whl", hash = "sha256:485a8942f671120f76afffff70f259e1cd0f0cfe08f81c05d8816d958d4577d3"},
    {file = "mypy-1.8.0-cp310-cp310-macosx_11_0_arm64.whl", hash = "sha256:df9824ac11deaf007443e7ed2a4a26bebff98d2bc43c6da21b2b64185da011c4"},
    {file = "mypy-1.8.0-cp310-cp310-manylinux_2_17_x86_64.manylinux2014_x86_64.whl", hash = "sha256:2afecd6354bbfb6e0160f4e4ad9ba6e4e003b767dd80d85516e71f2e955ab50d"},
    {file = "mypy-1.8.0-cp310-cp310-musllinux_1_1_x86_64.whl", hash = "sha256:8963b83d53ee733a6e4196954502b33567ad07dfd74851f32be18eb932fb1cb9"},
    {file = "mypy-1.8.0-cp310-cp310-win_amd64.whl", hash = "sha256:e46f44b54ebddbeedbd3d5b289a893219065ef805d95094d16a0af6630f5d410"},
    {file = "mypy-1.8.0-py3-none-any.whl", hash = "sha256:538fd81bb5e430cc1381a443971c0475582ff9f434c16cd46d2c66763ce85d9d"},
    {file = "mypy-1.8.0.tar.gz", hash = "sha256:6ff8b244d7085a0b425b56d327b480c3b29cafbd2eff27316a004f9a7391ae07"},
]

[[package]]
name = "mypy-extensions"
version = "1.0.0"
requires_python = ">=3.5"
summary = "Type system extensions for programs checked with the mypy type checker."
groups = ["dev"]
files = [
    {file = "mypy_extensions-1.0.0-py3-none-any.whl", hash = "sha256:4392f6c0eb8a5668a69e23d168ffa70f0be9ccfd32b5cc2d26a34ae5b844552d"},
    {file = "mypy_extensions-1.0.0.tar.gz", hash = "sha256:75dbf8955dc00442a438fc4d0666508a9a97b6bd41aa2f0ffe9d2f2725af0782"},
]

[[package]]
name = "packaging"
version = "23.2"
requires_python = ">=3.7"
summary = "Core utilities for Python packages"
groups = ["dev"]
files = [
    {file = "packaging-23.2-py3-none-any.whl", hash = "sha256:8c491190033a9af7e1d931d0b5dacc2ef47509b34dd0de67ed209b5203fc88c7"},
    {file = "packaging-23.2.tar.gz", hash = "sha256:048fb0e9405036518eaaf48a55953c750c11e1a1b68e0dd1a9d62ed0c092cfc5"},
]

[[package]]
name = "pathspec"
version = "0.12.1"
requires_python = ">=3.8"
summary = "Utility library for gitignore style pattern matching of file paths."
groups = ["dev"]
files = [
    {file = "pathspec-0.12.1-py3-none-any.whl", hash = "sha256:a0d503e138a4c123b27490a4f7beda6a01c6f288df0e4a8b79c7eb0dc7b4cc08"},
    {file = "pathspec-0.12.1.tar.gz", hash = "sha256:a482d51503a1ab33b1c67a6c3813a26953dbdc71c31dacaef9a838c4e29f5712"},
]

[[package]]
name = "platformdirs"
version = "4.2.0"
requires_python = ">=3.8"
summary = "A small Python package for determining appropriate platform-specific dirs, e.g. a \"user data dir\"."
groups = ["dev"]
files = [
    {file = "platformdirs-4.2.0-py3-none-any.whl", hash = "sha256:0614df2a2f37e1a662acbd8e2b25b92ccf8632929bc6d43467e17fe89c75e068"},
    {file = "platformdirs-4.2.0.tar.gz", hash = "sha256:ef0cc731df711022c174543cb70a9b5bd22e5a9337c8624ef2c2ceb8ddad8768"},
]

[[package]]
name = "pluggy"
version = "1.4.0"
requires_python = ">=3.8"
summary = "plugin and hook calling mechanisms for python"
groups = ["dev"]
files = [
    {file = "pluggy-1.4.0-py3-none-any.whl", hash = "sha256:7db9f7b503d67d1c5b95f59773ebb58a8c1c288129a88665838012cfb07b8981"},
    {file = "pluggy-1.4.0.tar.gz", hash = "sha256:8c85c2876142a764e5b7548e7d9a0e0ddb46f5185161049a79b7e974454223be"},
]

[[package]]
name = "pyproject-api"
version = "1.6.1"
requires_python = ">=3.8"
summary = "API to interact with the python pyproject.toml based projects"
groups = ["dev"]
dependencies = [
    "packaging>=23.1",
    "tomli>=2.0.1; python_version < \"3.11\"",
]
files = [
    {file = "pyproject_api-1.6.1-py3-none-any.whl", hash = "sha256:4c0116d60476b0786c88692cf4e325a9814965e2469c5998b830bba16b183675"},
    {file = "pyproject_api-1.6.1.tar.gz", hash = "sha256:1817dc018adc0d1ff9ca1ed8c60e1623d5aaca40814b953af14a9cf9a5cae538"},
]

[[package]]
name = "pytest"
version = "8.0.0"
requires_python = ">=3.8"
summary = "pytest: simple powerful testing with Python"
groups = ["dev"]
dependencies = [
    "colorama; sys_platform == \"win32\"",
    "exceptiongroup>=1.0.0rc8; python_version < \"3.11\"",
    "iniconfig",
    "packaging",
    "pluggy<2.0,>=1.3.0",
    "tomli>=1.0.0; python_version < \"3.11\"",
]
files = [
    {file = "pytest-8.0.0-py3-none-any.whl", hash = "sha256:50fb9cbe836c3f20f0dfa99c565201fb75dc54c8d76373cd1bde06b06657bdb6"},
    {file = "pytest-8.0.0.tar.gz", hash = "sha256:249b1b0864530ba251b7438274c4d251c58d868edaaec8762893ad4a0d71c36c"},
]

[[package]]
name = "ruff"
version = "0.2.1"
requires_python = ">=3.7"
summary = "An extremely fast Python linter and code formatter, written in Rust."
groups = ["dev"]
files = [
    {file = "ruff-0.2.1-py3-none-macosx_10_12_x86_64.macosx_11_0_arm64.macosx_10_12_universal2.whl", hash = "sha256:dd81b911d28925e7e8b323e8d06951554655021df8dd4ac3045d7212ac4ba080"},
    {file = "ruff-0.2.1-py3-none-macosx_10_12_x86_64.whl", hash = "sha256:dc586724a95b7d980aa17f671e173df00f0a2eef23f8babbeee663229a938fec"},
    {file = "ruff-0.2.1-py3-none-manylinux_2_17_aarch64.manylinux2014_aarch64.whl", hash = "sha256:c92db7101ef5bfc18e96777ed7bc7c822d545fa5977e90a585accac43d22f18a"},
    {file = "ruff-0.2.1-py3-none-manylinux_2_17_armv7l.manylinux2014_armv7l.whl", hash = "sha256:13471684694d41ae0f1e8e3a7497e14cd57ccb7dd72ae08d56a159d6c9c3e30e"},
    {file = "ruff-0.2.1-py3-none-manylinux_2_17_i686.manylinux2014_i686.whl", hash = "sha256:a11567e20ea39d1f51aebd778685582d4c56ccb082c1161ffc10f79bebe6df35"},
    {file = "ruff-0.2.1-py3-none-manylinux_2_17_ppc64.manylinux2014_ppc64.whl", hash = "sha256:00a818e2db63659570403e44383ab03c529c2b9678ba4ba6c105af7854008105"},
    {file = "ruff-0.2.1-py3-none-manylinux_2_17_ppc64le.manylinux2014_ppc64le.whl", hash = "sha256:be60592f9d218b52f03384d1325efa9d3b41e4c4d55ea022cd548547cc42cd2b"},
    {file = "ruff-0.2.1-py3-none-manylinux_2_17_s390x.manylinux2014_s390x.whl", hash = "sha256:fbd2288890b88e8aab4499e55148805b58ec711053588cc2f0196a44f6e3d855"},
    {file = "ruff-0.2.1-py3-none-manylinux_2_17_x86_64.manylinux2014_x86_64.whl", hash = "sha256:f3ef052283da7dec1987bba8d8733051c2325654641dfe5877a4022108098683"},
    {file = "ruff-0.2.1-py3-none-musllinux_1_2_aarch64.whl", hash = "sha256:7022d66366d6fded4ba3889f73cd791c2d5621b2ccf34befc752cb0df70f5fad"},
    {file = "ruff-0.2.1-py3-none-musllinux_1_2_armv7l.whl", hash = "sha256:0a725823cb2a3f08ee743a534cb6935727d9e47409e4ad72c10a3faf042ad5ba"},
    {file = "ruff-0.2.1-py3-none-musllinux_1_2_i686.whl", hash = "sha256:0034d5b6323e6e8fe91b2a1e55b02d92d0b582d2953a2b37a67a2d7dedbb7acc"},
    {file = "ruff-0.2.1-py3-none-musllinux_1_2_x86_64.whl", hash = "sha256:e5cb5526d69bb9143c2e4d2a115d08ffca3d8e0fddc84925a7b54931c96f5c02"},
    {file = "ruff-0.2.1-py3-none-win32.whl", hash = "sha256:6b95ac9ce49b4fb390634d46d6ece32ace3acdd52814671ccaf20b7f60adb232"},
    {file = "ruff-0.2.1-py3-none-win_amd64.whl", hash = "sha256:e3affdcbc2afb6f5bd0eb3130139ceedc5e3f28d206fe49f63073cb9e65988e0"},
    {file = "ruff-0.2.1-py3-none-win_arm64.whl", hash = "sha256:efababa8e12330aa94a53e90a81eb6e2d55f348bc2e71adbf17d9cad23c03ee6"},
    {file = "ruff-0.2.1.tar.gz", hash = "sha256:3b42b5d8677cd0c72b99fcaf068ffc62abb5a19e71b4a3b9cfa50658a0af02f1"},
]

[[package]]
name = "tomli"
version = "2.0.1"
requires_python = ">=3.7"
summary = "A lil' TOML parser"
groups = ["dev"]
marker = "python_version < \"3.11\""
files = [
    {file = "tomli-2.0.1-py3-none-any.whl", hash = "sha256:939de3e7a6161af0c887ef91b7d41a53e7c5a1ca976325f429cb46ea9bc30ecc"},
    {file = "tomli-2.0.1.tar.gz", hash = "sha256:de526c12914f0c550d15924c62d72abc48d6fe7364aa87328337a31007fe8a4f"},
]

[[package]]
name = "tox"
version = "4.12.1"
requires_python = ">=3.8"
summary = "tox is a generic virtualenv management and test command line tool"
groups = ["dev"]
dependencies = [
    "cachetools>=5.3.2",
    "chardet>=5.2",
    "colorama>=0.4.6",
    "filelock>=3.13.1",
    "packaging>=23.2",
    "platformdirs>=4.1",
    "pluggy>=1.3",
    "pyproject-api>=1.6.1",
    "tomli>=2.0.1; python_version < \"3.11\"",
    "virtualenv>=20.25",
]
files = [
    {file = "tox-4.12.1-py3-none-any.whl", hash = "sha256:c07ea797880a44f3c4f200ad88ad92b446b83079d4ccef89585df64cc574375c"},
    {file = "tox-4.12.1.tar.gz", hash = "sha256:61aafbeff1bd8a5af84e54ef6e8402f53c6a6066d0782336171ddfbf5362122e"},
]

[[package]]
name = "tox-pdm"
version = "0.7.2"
requires_python = ">=3.7"
summary = "A plugin for tox that utilizes PDM as the package manager and installer"
groups = ["dev"]
dependencies = [
    "tomli; python_version < \"3.11\"",
    "tox>=4.0",
]
files = [
    {file = "tox_pdm-0.7.2-py3-none-any.whl", hash = "sha256:12f6215416b7acd00a80a9e7128f3dc3e3c89308d60707f5d0a24abdf83ac104"},
    {file = "tox_pdm-0.7.2.tar.gz", hash = "sha256:a841a7e1e942a71805624703b9a6d286663bd6af79bba6130ba756975c315308"},
]

[[package]]
name = "typing-extensions"
version = "4.9.0"
requires_python = ">=3.8"
summary = "Backported and Experimental Type Hints for Python 3.8+"
groups = ["dev"]
files = [
    {file = "typing_extensions-4.9.0-py3-none-any.whl", hash = "sha256:af72aea155e91adfc61c3ae9e0e342dbc0cba726d6cba4b6c72c1f34e47291cd"},
    {file = "typing_extensions-4.9.0.tar.gz", hash = "sha256:23478f88c37f27d76ac8aee6c905017a143b0b1b886c3c9f66bc2fd94f9f5783"},
]

[[package]]
name = "virtualenv"
version = "20.25.0"
requires_python = ">=3.7"
summary = "Virtual Python Environment builder"
groups = ["dev"]
dependencies = [
    "distlib<1,>=0.3.7",
    "filelock<4,>=3.12.2",
    "platformdirs<5,>=3.9.1",
]
files = [
    {file = "virtualenv-20.25.0-py3-none-any.whl", hash = "sha256:4238949c5ffe6876362d9c0180fc6c3a824a7b12b80604eeb8085f2ed7460de3"},
    {file = "virtualenv-20.25.0.tar.gz", hash = "sha256:bf51c0d9c7dd63ea8e44086fa1e4fb1093a31e963b86959257378aef020e1f1b"},
]
